
Microsoft Visual Studio Solution File, Format Version 12.00
# Visual Studio 2012
Project("{FAE04EC0-301F-11D3-BF4B-00C04F79EFBC}") = "BeerStockExchange.Desktop", "BeerStockExchange.Desktop\BeerStockExchange.Desktop.csproj", "{1923728E-FD23-4C3A-91CF-14D8A3B3C86B}"
EndProject
Project("{FAE04EC0-301F-11D3-BF4B-00C04F79EFBC}") = "BeerStockExchange.Domain", "BeerStockExchange.Domain\BeerStockExchange.Domain.csproj", "{566060D8-A2D7-48E4-88B4-E613BCE31AE3}"
EndProject
Project("{FAE04EC0-301F-11D3-BF4B-00C04F79EFBC}") = "BeerStockExchange.Server", "BeerStockExchange.Server\BeerStockExchange.Server.csproj", "{C3321126-0CB8-4705-98D3-CEB41F5CB5BE}"
EndProject
Project("{FAE04EC0-301F-11D3-BF4B-00C04F79EFBC}") = "BeerStockExchange.DataLayer", "BeerStockExchange.DataLayer\BeerStockExchange.DataLayer.csproj", "{52787E8F-D6AA-4A12-80C9-70399F1932D0}"
EndProject
Project("{FAE04EC0-301F-11D3-BF4B-00C04F79EFBC}") = "BeerStockExchange.Util", "BeerStockExchange.Util\BeerStockExchange.Util.csproj", "{39061C22-6C21-474A-ADA2-12259B4B811E}"
EndProject
Global
	GlobalSection(SolutionConfigurationPlatforms) = preSolution
		Debug|Any CPU = Debug|Any CPU
		Release|Any CPU = Release|Any CPU
	EndGlobalSection
	GlobalSection(ProjectConfigurationPlatforms) = postSolution
		{1923728E-FD23-4C3A-91CF-14D8A3B3C86B}.Debug|Any CPU.ActiveCfg = Debug|Any CPU
		{1923728E-FD23-4C3A-91CF-14D8A3B3C86B}.Debug|Any CPU.Build.0 = Debug|Any CPU
		{1923728E-FD23-4C3A-91CF-14D8A3B3C86B}.Release|Any CPU.ActiveCfg = Release|Any CPU
		{1923728E-FD23-4C3A-91CF-14D8A3B3C86B}.Release|Any CPU.Build.0 = Release|Any CPU
		{566060D8-A2D7-48E4-88B4-E613BCE31AE3}.Debug|Any CPU.ActiveCfg = Debug|Any CPU
		{566060D8-A2D7-48E4-88B4-E613BCE31AE3}.Debug|Any CPU.Build.0 = Debug|Any CPU
		{566060D8-A2D7-48E4-88B4-E613BCE31AE3}.Release|Any CPU.ActiveCfg = Release|Any CPU
		{566060D8-A2D7-48E4-88B4-E613BCE31AE3}.Release|Any CPU.Build.0 = Release|Any CPU
		{C3321126-0CB8-4705-98D3-CEB41F5CB5BE}.Debug|Any CPU.ActiveCfg = Debug|Any CPU
		{C3321126-0CB8-4705-98D3-CEB41F5CB5BE}.Debug|Any CPU.Build.0 = Debug|Any CPU
		{C3321126-0CB8-4705-98D3-CEB41F5CB5BE}.Release|Any CPU.ActiveCfg = Release|Any CPU
		{C3321126-0CB8-4705-98D3-CEB41F5CB5BE}.Release|Any CPU.Build.0 = Release|Any CPU
		{52787E8F-D6AA-4A12-80C9-70399F1932D0}.Debug|Any CPU.ActiveCfg = Debug|Any CPU
		{52787E8F-D6AA-4A12-80C9-70399F1932D0}.Debug|Any CPU.Build.0 = Debug|Any CPU
		{52787E8F-D6AA-4A12-80C9-70399F1932D0}.Release|Any CPU.ActiveCfg = Release|Any CPU
		{52787E8F-D6AA-4A12-80C9-70399F1932D0}.Release|Any CPU.Build.0 = Release|Any CPU
		{39061C22-6C21-474A-ADA2-12259B4B811E}.Debug|Any CPU.ActiveCfg = Debug|Any CPU
		{39061C22-6C21-474A-ADA2-12259B4B811E}.Debug|Any CPU.Build.0 = Debug|Any CPU
		{39061C22-6C21-474A-ADA2-12259B4B811E}.Release|Any CPU.ActiveCfg = Release|Any CPU
		{39061C22-6C21-474A-ADA2-12259B4B811E}.Release|Any CPU.Build.0 = Release|Any CPU
	EndGlobalSection
	GlobalSection(SolutionProperties) = preSolution
		HideSolutionNode = FALSE
	EndGlobalSection
EndGlobal
